
Microsoft Visual Studio Solution File, Format Version 12.00
# Visual Studio Version 16
VisualStudioVersion = 16.0.30717.126
MinimumVisualStudioVersion = 15.0.26124.0
Project("{9A19103F-16F7-4668-BE54-9A1E7A4F7556}") = "01.Order", "Order\01.Order.csproj", "{AF560642-90F8-4D1C-8C17-1286E08EC09C}"
EndProject
Project("{9A19103F-16F7-4668-BE54-9A1E7A4F7556}") = "Attendance", "Attendance\Attendance.csproj", "{7AA93881-7C4F-4E19-9C78-0B447A48332B}"
EndProject
Project("{9A19103F-16F7-4668-BE54-9A1E7A4F7556}") = "Accounting", "Accounting\Accounting.csproj", "{CA0CAF42-B186-492D-B5A8-54792FF4D722}"
EndProject
Global
	GlobalSection(SolutionConfigurationPlatforms) = preSolution
		Debug|Any CPU = Debug|Any CPU
		Debug|x64 = Debug|x64
		Debug|x86 = Debug|x86
		Release|Any CPU = Release|Any CPU
		Release|x64 = Release|x64
		Release|x86 = Release|x86
	EndGlobalSection
	GlobalSection(ProjectConfigurationPlatforms) = postSolution
		{AF560642-90F8-4D1C-8C17-1286E08EC09C}.Debug|Any CPU.ActiveCfg = Debug|Any CPU
		{AF560642-90F8-4D1C-8C17-1286E08EC09C}.Debug|Any CPU.Build.0 = Debug|Any CPU
		{AF560642-90F8-4D1C-8C17-1286E08EC09C}.Debug|x64.ActiveCfg = Debug|Any CPU
		{AF560642-90F8-4D1C-8C17-1286E08EC09C}.Debug|x64.Build.0 = Debug|Any CPU
		{AF560642-90F8-4D1C-8C17-1286E08EC09C}.Debug|x86.ActiveCfg = Debug|Any CPU
		{AF560642-90F8-4D1C-8C17-1286E08EC09C}.Debug|x86.Build.0 = Debug|Any CPU
		{AF560642-90F8-4D1C-8C17-1286E08EC09C}.Release|Any CPU.ActiveCfg = Release|Any CPU
		{AF560642-90F8-4D1C-8C17-1286E08EC09C}.Release|Any CPU.Build.0 = Release|Any CPU
		{AF560642-90F8-4D1C-8C17-1286E08EC09C}.Release|x64.ActiveCfg = Release|Any CPU
		{AF560642-90F8-4D1C-8C17-1286E08EC09C}.Release|x64.Build.0 = Release|Any CPU
		{AF560642-90F8-4D1C-8C17-1286E08EC09C}.Release|x86.ActiveCfg = Release|Any CPU
		{AF560642-90F8-4D1C-8C17-1286E08EC09C}.Release|x86.Build.0 = Release|Any CPU
		{7AA93881-7C4F-4E19-9C78-0B447A48332B}.Debug|Any CPU.ActiveCfg = Debug|Any CPU
		{7AA93881-7C4F-4E19-9C78-0B447A48332B}.Debug|Any CPU.Build.0 = Debug|Any CPU
		{7AA93881-7C4F-4E19-9C78-0B447A48332B}.Debug|x64.ActiveCfg = Debug|Any CPU
		{7AA93881-7C4F-4E19-9C78-0B447A48332B}.Debug|x64.Build.0 = Debug|Any CPU
		{7AA93881-7C4F-4E19-9C78-0B447A48332B}.Debug|x86.ActiveCfg = Debug|Any CPU
		{7AA93881-7C4F-4E19-9C78-0B447A48332B}.Debug|x86.Build.0 = Debug|Any CPU
		{7AA93881-7C4F-4E19-9C78-0B447A48332B}.Release|Any CPU.ActiveCfg = Release|Any CPU
		{7AA93881-7C4F-4E19-9C78-0B447A48332B}.Release|Any CPU.Build.0 = Release|Any CPU
		{7AA93881-7C4F-4E19-9C78-0B447A48332B}.Release|x64.ActiveCfg = Release|Any CPU
		{7AA93881-7C4F-4E19-9C78-0B447A48332B}.Release|x64.Build.0 = Release|Any CPU
		{7AA93881-7C4F-4E19-9C78-0B447A48332B}.Release|x86.ActiveCfg = Release|Any CPU
		{7AA93881-7C4F-4E19-9C78-0B447A48332B}.Release|x86.Build.0 = Release|Any CPU
		{CA0CAF42-B186-492D-B5A8-54792FF4D722}.Debug|Any CPU.ActiveCfg = Debug|Any CPU
		{CA0CAF42-B186-492D-B5A8-54792FF4D722}.Debug|Any CPU.Build.0 = Debug|Any CPU
		{CA0CAF42-B186-492D-B5A8-54792FF4D722}.Debug|x64.ActiveCfg = Debug|Any CPU
		{CA0CAF42-B186-492D-B5A8-54792FF4D722}.Debug|x64.Build.0 = Debug|Any CPU
		{CA0CAF42-B186-492D-B5A8-54792FF4D722}.Debug|x86.ActiveCfg = Debug|Any CPU
		{CA0CAF42-B186-492D-B5A8-54792FF4D722}.Debug|x86.Build.0 = Debug|Any CPU
		{CA0CAF42-B186-492D-B5A8-54792FF4D722}.Release|Any CPU.ActiveCfg = Release|Any CPU
		{CA0CAF42-B186-492D-B5A8-54792FF4D722}.Release|Any CPU.Build.0 = Release|Any CPU
		{CA0CAF42-B186-492D-B5A8-54792FF4D722}.Release|x64.ActiveCfg = Release|Any CPU
		{CA0CAF42-B186-492D-B5A8-54792FF4D722}.Release|x64.Build.0 = Release|Any CPU
		{CA0CAF42-B186-492D-B5A8-54792FF4D722}.Release|x86.ActiveCfg = Release|Any CPU
		{CA0CAF42-B186-492D-B5A8-54792FF4D722}.Release|x86.Build.0 = Release|Any CPU
	EndGlobalSection
	GlobalSection(SolutionProperties) = preSolution
		HideSolutionNode = FALSE
	EndGlobalSection
	GlobalSection(ExtensibilityGlobals) = postSolution
		SolutionGuid = {4C40B543-3321-4264-AE57-CE591A8E9AB2}
	EndGlobalSection
EndGlobal
